
Microsoft Visual Studio Solution File, Format Version 12.00
# Visual Studio Version 16
VisualStudioVersion = 16.0.29920.165
MinimumVisualStudioVersion = 10.0.40219.1
Project("{FAE04EC0-301F-11D3-BF4B-00C04F79EFBC}") = "week07_x8b4iu", "week07_x8b4iu\week07_x8b4iu.csproj", "{36A459B7-7434-4576-9034-D6FEBCA9B5BA}"
EndProject
Global
	GlobalSection(SolutionConfigurationPlatforms) = preSolution
		Debug|Any CPU = Debug|Any CPU
		Release|Any CPU = Release|Any CPU
	EndGlobalSection
	GlobalSection(ProjectConfigurationPlatforms) = postSolution
		{36A459B7-7434-4576-9034-D6FEBCA9B5BA}.Debug|Any CPU.ActiveCfg = Debug|Any CPU
		{36A459B7-7434-4576-9034-D6FEBCA9B5BA}.Debug|Any CPU.Build.0 = Debug|Any CPU
		{36A459B7-7434-4576-9034-D6FEBCA9B5BA}.Release|Any CPU.ActiveCfg = Release|Any CPU
		{36A459B7-7434-4576-9034-D6FEBCA9B5BA}.Release|Any CPU.Build.0 = Release|Any CPU
	EndGlobalSection
	GlobalSection(SolutionProperties) = preSolution
		HideSolutionNode = FALSE
	EndGlobalSection
	GlobalSection(ExtensibilityGlobals) = postSolution
		SolutionGuid = {0AD82EC7-5242-4E7E-AB7A-3EB111657889}
	EndGlobalSection
EndGlobal
